
Microsoft Visual Studio Solution File, Format Version 12.00
# Visual Studio Version 17
VisualStudioVersion = 17.6.33815.320
MinimumVisualStudioVersion = 10.0.40219.1
Project("{FAE04EC0-301F-11D3-BF4B-00C04F79EFBC}") = "BuilderPattern", "BuilderPattern\BuilderPattern.csproj", "{E1B27850-C58E-44EC-A71B-720FEA286F38}"
EndProject
Project("{FAE04EC0-301F-11D3-BF4B-00C04F79EFBC}") = "ConsoleDog", "ConsoleDog\ConsoleDog.csproj", "{F7D0D818-9D53-4F5F-8554-259E1510C0F9}"
EndProject
Global
	GlobalSection(SolutionConfigurationPlatforms) = preSolution
		Debug|Any CPU = Debug|Any CPU
		Release|Any CPU = Release|Any CPU
	EndGlobalSection
	GlobalSection(ProjectConfigurationPlatforms) = postSolution
		{E1B27850-C58E-44EC-A71B-720FEA286F38}.Debug|Any CPU.ActiveCfg = Debug|Any CPU
		{E1B27850-C58E-44EC-A71B-720FEA286F38}.Debug|Any CPU.Build.0 = Debug|Any CPU
		{E1B27850-C58E-44EC-A71B-720FEA286F38}.Release|Any CPU.ActiveCfg = Release|Any CPU
		{E1B27850-C58E-44EC-A71B-720FEA286F38}.Release|Any CPU.Build.0 = Release|Any CPU
		{F7D0D818-9D53-4F5F-8554-259E1510C0F9}.Debug|Any CPU.ActiveCfg = Debug|Any CPU
		{F7D0D818-9D53-4F5F-8554-259E1510C0F9}.Debug|Any CPU.Build.0 = Debug|Any CPU
		{F7D0D818-9D53-4F5F-8554-259E1510C0F9}.Release|Any CPU.ActiveCfg = Release|Any CPU
		{F7D0D818-9D53-4F5F-8554-259E1510C0F9}.Release|Any CPU.Build.0 = Release|Any CPU
	EndGlobalSection
	GlobalSection(SolutionProperties) = preSolution
		HideSolutionNode = FALSE
	EndGlobalSection
	GlobalSection(ExtensibilityGlobals) = postSolution
		SolutionGuid = {88D26EC0-FA1B-4D30-8EBD-5FE78BE290FA}
	EndGlobalSection
EndGlobal
